// !$*UTF8*$!
{
	archiveVersion = 1;
	classes = {
	};
	objectVersion = 46;
	objects = {

/* Begin PBXBuildFile section */
		538FADE91BF4C9AF00D91DE6 /* AppDelegate.swift in Sources */ = {isa = PBXBuildFile; fileRef = 538FADE81BF4C9AF00D91DE6 /* AppDelegate.swift */; };
		538FADEB1BF4C9AF00D91DE6 /* ViewController.swift in Sources */ = {isa = PBXBuildFile; fileRef = 538FADEA1BF4C9AF00D91DE6 /* ViewController.swift */; };
		538FADEE1BF4C9AF00D91DE6 /* Main.storyboard in Resources */ = {isa = PBXBuildFile; fileRef = 538FADEC1BF4C9AF00D91DE6 /* Main.storyboard */; };
		538FADF11BF4C9AF00D91DE6 /* DarkMagician.xcdatamodeld in Sources */ = {isa = PBXBuildFile; fileRef = 538FADEF1BF4C9AF00D91DE6 /* DarkMagician.xcdatamodeld */; };
		538FADF31BF4C9AF00D91DE6 /* Assets.xcassets in Resources */ = {isa = PBXBuildFile; fileRef = 538FADF21BF4C9AF00D91DE6 /* Assets.xcassets */; };
		538FADF61BF4C9AF00D91DE6 /* LaunchScreen.storyboard in Resources */ = {isa = PBXBuildFile; fileRef = 538FADF41BF4C9AF00D91DE6 /* LaunchScreen.storyboard */; };
		538FADFE1BF4DA3B00D91DE6 /* KStore.swift in Sources */ = {isa = PBXBuildFile; fileRef = 538FADFD1BF4DA3B00D91DE6 /* KStore.swift */; };
/* End PBXBuildFile section */

/* Begin PBXFileReference section */
		538FADE51BF4C9AF00D91DE6 /* DarkMagician.app */ = {isa = PBXFileReference; explicitFileType = wrapper.application; includeInIndex = 0; path = DarkMagician.app; sourceTree = BUILT_PRODUCTS_DIR; };
		538FADE81BF4C9AF00D91DE6 /* AppDelegate.swift */ = {isa = PBXFileReference; lastKnownFileType = sourcecode.swift; path = AppDelegate.swift; sourceTree = "<group>"; };
		538FADEA1BF4C9AF00D91DE6 /* ViewController.swift */ = {isa = PBXFileReference; lastKnownFileType = sourcecode.swift; path = ViewController.swift; sourceTree = "<group>"; };
		538FADED1BF4C9AF00D91DE6 /* Base */ = {isa = PBXFileReference; lastKnownFileType = file.storyboard; name = Base; path = Base.lproj/Main.storyboard; sourceTree = "<group>"; };
		538FADF01BF4C9AF00D91DE6 /* DarkMagician.xcdatamodel */ = {isa = PBXFileReference; lastKnownFileType = wrapper.xcdatamodel; path = DarkMagician.xcdatamodel; sourceTree = "<group>"; };
		538FADF21BF4C9AF00D91DE6 /* Assets.xcassets */ = {isa = PBXFileReference; lastKnownFileType = folder.assetcatalog; path = Assets.xcassets; sourceTree = "<group>"; };
		538FADF51BF4C9AF00D91DE6 /* Base */ = {isa = PBXFileReference; lastKnownFileType = file.storyboard; name = Base; path = Base.lproj/LaunchScreen.storyboard; sourceTree = "<group>"; };
		538FADF71BF4C9AF00D91DE6 /* Info.plist */ = {isa = PBXFileReference; lastKnownFileType = text.plist.xml; path = Info.plist; sourceTree = "<group>"; };
		538FADFD1BF4DA3B00D91DE6 /* KStore.swift */ = {isa = PBXFileReference; fileEncoding = 4; lastKnownFileType = sourcecode.swift; path = KStore.swift; sourceTree = "<group>"; };
/* End PBXFileReference section */

/* Begin PBXFrameworksBuildPhase section */
		538FADE21BF4C9AF00D91DE6 /* Frameworks */ = {
			isa = PBXFrameworksBuildPhase;
			buildActionMask = 2147483647;
			files = (
			);
			runOnlyForDeploymentPostprocessing = 0;
		};
/* End PBXFrameworksBuildPhase section */

/* Begin PBXGroup section */
		538FADDC1BF4C9AF00D91DE6 = {
			isa = PBXGroup;
			children = (
				538FADE71BF4C9AF00D91DE6 /* DarkMagician */,
				538FADE61BF4C9AF00D91DE6 /* Products */,
			);
			sourceTree = "<group>";
		};
		538FADE61BF4C9AF00D91DE6 /* Products */ = {
			isa = PBXGroup;
			children = (
				538FADE51BF4C9AF00D91DE6 /* DarkMagician.app */,
			);
			name = Products;
			sourceTree = "<group>";
		};
		538FADE71BF4C9AF00D91DE6 /* DarkMagician */ = {
			isa = PBXGroup;
			children = (
				538FADE81BF4C9AF00D91DE6 /* AppDelegate.swift */,
				538FADEA1BF4C9AF00D91DE6 /* ViewController.swift */,
				538FADEC1BF4C9AF00D91DE6 /* Main.storyboard */,
				538FADF21BF4C9AF00D91DE6 /* Assets.xcassets */,
				538FADF41BF4C9AF00D91DE6 /* LaunchScreen.storyboard */,
				538FADF71BF4C9AF00D91DE6 /* Info.plist */,
				538FADEF1BF4C9AF00D91DE6 /* DarkMagician.xcdatamodeld */,
				538FADFD1BF4DA3B00D91DE6 /* KStore.swift */,
			);
			path = DarkMagician;
			sourceTree = "<group>";
		};
/* End PBXGroup section */

/* Begin PBXNativeTarget section */
		538FADE41BF4C9AF00D91DE6 /* DarkMagician */ = {
			isa = PBXNativeTarget;
			buildConfigurationList = 538FADFA1BF4C9AF00D91DE6 /* Build configuration list for PBXNativeTarget "DarkMagician" */;
			buildPhases = (
				538FADE11BF4C9AF00D91DE6 /* Sources */,
				538FADE21BF4C9AF00D91DE6 /* Frameworks */,
				538FADE31BF4C9AF00D91DE6 /* Resources */,
			);
			buildRules = (
			);
			dependencies = (
			);
			name = DarkMagician;
			productName = DarkMagician;
			productReference = 538FADE51BF4C9AF00D91DE6 /* DarkMagician.app */;
			productType = "com.apple.product-type.application";
		};
/* End PBXNativeTarget section */

/* Begin PBXProject section */
		538FADDD1BF4C9AF00D91DE6 /* Project object */ = {
			isa = PBXProject;
			attributes = {
				LastSwiftUpdateCheck = 0710;
				LastUpgradeCheck = 0710;
				ORGANIZATIONNAME = Circle38;
				TargetAttributes = {
					538FADE41BF4C9AF00D91DE6 = {
						CreatedOnToolsVersion = 7.1;
					};
				};
			};
			buildConfigurationList = 538FADE01BF4C9AF00D91DE6 /* Build configuration list for PBXProject "DarkMagician" */;
			compatibilityVersion = "Xcode 3.2";
			developmentRegion = English;
			hasScannedForEncodings = 0;
			knownRegions = (
				en,
				Base,
			);
			mainGroup = 538FADDC1BF4C9AF00D91DE6;
			productRefGroup = 538FADE61BF4C9AF00D91DE6 /* Products */;
			projectDirPath = "";
			projectRoot = "";
			targets = (
				538FADE41BF4C9AF00D91DE6 /* DarkMagician */,
			);
		};
/* End PBXProject section */

/* Begin PBXResourcesBuildPhase section */
		538FADE31BF4C9AF00D91DE6 /* Resources */ = {
			isa = PBXResourcesBuildPhase;
			buildActionMask = 2147483647;
			files = (
				538FADF61BF4C9AF00D91DE6 /* LaunchScreen.storyboard in Resources */,
				538FADF31BF4C9AF00D91DE6 /* Assets.xcassets in Resources */,
				538FADEE1BF4C9AF00D91DE6 /* Main.storyboard in Resources */,
			);
			runOnlyForDeploymentPostprocessing = 0;
		};
/* End PBXResourcesBuildPhase section */

/* Begin PBXSourcesBuildPhase section */
		538FADE11BF4C9AF00D91DE6 /* Sources */ = {
			isa = PBXSourcesBuildPhase;
			buildActionMask = 2147483647;
			files = (
				538FADF11BF4C9AF00D91DE6 /* DarkMagician.xcdatamodeld in Sources */,
				538FADEB1BF4C9AF00D91DE6 /* ViewController.swift in Sources */,
				538FADE91BF4C9AF00D91DE6 /* AppDelegate.swift in Sources */,
				538FADFE1BF4DA3B00D91DE6 /* KStore.swift in Sources */,
			);
			runOnlyForDeploymentPostprocessing = 0;
		};
/* End PBXSourcesBuildPhase section */

/* Begin PBXVariantGroup section */
		538FADEC1BF4C9AF00D91DE6 /* Main.storyboard */ = {
			isa = PBXVariantGroup;
			children = (
				538FADED1BF4C9AF00D91DE6 /* Base */,
			);
			name = Main.storyboard;
			sourceTree = "<group>";
		};
		538FADF41BF4C9AF00D91DE6 /* LaunchScreen.storyboard */ = {
			isa = PBXVariantGroup;
			children = (
				538FADF51BF4C9AF00D91DE6 /* Base */,
			);
			name = LaunchScreen.storyboard;
			sourceTree = "<group>";
		};
/* End PBXVariantGroup section */

/* Begin XCBuildConfiguration section */
		538FADF81BF4C9AF00D91DE6 /* Debug */ = {
			isa = XCBuildConfiguration;
			buildSettings = {
				ALWAYS_SEARCH_USER_PATHS = NO;
				CLANG_CXX_LANGUAGE_STANDARD = "gnu++0x";
				CLANG_CXX_LIBRARY = "libc++";
				CLANG_ENABLE_MODULES = YES;
				CLANG_ENABLE_OBJC_ARC = YES;
				CLANG_WARN_BOOL_CONVERSION = YES;
				CLANG_WARN_CONSTANT_CONVERSION = YES;
				CLANG_WARN_DIRECT_OBJC_ISA_USAGE = YES_ERROR;
				CLANG_WARN_EMPTY_BODY = YES;
				CLANG_WARN_ENUM_CONVERSION = YES;
				CLANG_WARN_INT_CONVERSION = YES;
				CLANG_WARN_OBJC_ROOT_CLASS = YES_ERROR;
				CLANG_WARN_UNREACHABLE_CODE = YES;
				CLANG_WARN__DUPLICATE_METHOD_MATCH = YES;
				"CODE_SIGN_IDENTITY[sdk=iphoneos*]" = "iPhone Developer";
				COPY_PHASE_STRIP = NO;
				DEBUG_INFORMATION_FORMAT = dwarf;
				ENABLE_STRICT_OBJC_MSGSEND = YES;
				ENABLE_TESTABILITY = YES;
				GCC_C_LANGUAGE_STANDARD = gnu99;
				GCC_DYNAMIC_NO_PIC = NO;
				GCC_NO_COMMON_BLOCKS = YES;
				GCC_OPTIMIZATION_LEVEL = 0;
				GCC_PREPROCESSOR_DEFINITIONS = (
					"DEBUG=1",
					"$(inherited)",
				);
				GCC_WARN_64_TO_32_BIT_CONVERSION = YES;
				GCC_WARN_ABOUT_RETURN_TYPE = YES_ERROR;
				GCC_WARN_UNDECLARED_SELECTOR = YES;
				GCC_WARN_UNINITIALIZED_AUTOS = YES_AGGRESSIVE;
				GCC_WARN_UNUSED_FUNCTION = YES;
				GCC_WARN_UNUSED_VARIABLE = YES;
				IPHONEOS_DEPLOYMENT_TARGET = 9.1;
				MTL_ENABLE_DEBUG_INFO = YES;
				ONLY_ACTIVE_ARCH = YES;
				SDKROOT = iphoneos;
				SWIFT_OPTIMIZATION_LEVEL = "-Onone";
				TARGETED_DEVICE_FAMILY = "1,2";
			};
			name = Debug;
		};
		538FADF91BF4C9AF00D91DE6 /* Release */ = {
			isa = XCBuildConfiguration;
			buildSettings = {
				ALWAYS_SEARCH_USER_PATHS = NO;
				CLANG_CXX_LANGUAGE_STANDARD = "gnu++0x";
				CLANG_CXX_LIBRARY = "libc++";
				CLANG_ENABLE_MODULES = YES;
				CLANG_ENABLE_OBJC_ARC = YES;
				CLANG_WARN_BOOL_CONVERSION = YES;
				CLANG_WARN_CONSTANT_CONVERSION = YES;
				CLANG_WARN_DIRECT_OBJC_ISA_USAGE = YES_ERROR;
				CLANG_WARN_EMPTY_BODY = YES;
				CLANG_WARN_ENUM_CONVERSION = YES;
				CLANG_WARN_INT_CONVERSION = YES;
				CLANG_WARN_OBJC_ROOT_CLASS = YES_ERROR;
				CLANG_WARN_UNREACHABLE_CODE = YES;
				CLANG_WARN__DUPLICATE_METHOD_MATCH = YES;
				"CODE_SIGN_IDENTITY[sdk=iphoneos*]" = "iPhone Developer";
				COPY_PHASE_STRIP = NO;
				DEBUG_INFORMATION_FORMAT = "dwarf-with-dsym";
				ENABLE_NS_ASSERTIONS = NO;
				ENABLE_STRICT_OBJC_MSGSEND = YES;
				GCC_C_LANGUAGE_STANDARD = gnu99;
				GCC_NO_COMMON_BLOCKS = YES;
				GCC_WARN_64_TO_32_BIT_CONVERSION = YES;
				GCC_WARN_ABOUT_RETURN_TYPE = YES_ERROR;
				GCC_WARN_UNDECLARED_SELECTOR = YES;
				GCC_WARN_UNINITIALIZED_AUTOS = YES_AGGRESSIVE;
				GCC_WARN_UNUSED_FUNCTION = YES;
				GCC_WARN_UNUSED_VARIABLE = YES;
				IPHONEOS_DEPLOYMENT_TARGET = 9.1;
				MTL_ENABLE_DEBUG_INFO = NO;
				SDKROOT = iphoneos;
				TARGETED_DEVICE_FAMILY = "1,2";
				VALIDATE_PRODUCT = YES;
			};
			name = Release;
		};
		538FADFB1BF4C9AF00D91DE6 /* Debug */ = {
			isa = XCBuildConfiguration;
			buildSettings = {
				ASSETCATALOG_COMPILER_APPICON_NAME = AppIcon;
				INFOPLIST_FILE = DarkMagician/Info.plist;
				LD_RUNPATH_SEARCH_PATHS = "$(inherited) @executable_path/Frameworks";
				PRODUCT_BUNDLE_IDENTIFIER = com.circle38.DarkMagician;
				PRODUCT_NAME = "$(TARGET_NAME)";
			};
			name = Debug;
		};
		538FADFC1BF4C9AF00D91DE6 /* Release */ = {
			isa = XCBuildConfiguration;
			buildSettings = {
				ASSETCATALOG_COMPILER_APPICON_NAME = AppIcon;
				INFOPLIST_FILE = DarkMagician/Info.plist;
				LD_RUNPATH_SEARCH_PATHS = "$(inherited) @executable_path/Frameworks";
				PRODUCT_BUNDLE_IDENTIFIER = com.circle38.DarkMagician;
				PRODUCT_NAME = "$(TARGET_NAME)";
			};
			name = Release;
		};
/* End XCBuildConfiguration section */

/* Begin XCConfigurationList section */
		538FADE01BF4C9AF00D91DE6 /* Build configuration list for PBXProject "DarkMagician" */ = {
			isa = XCConfigurationList;
			buildConfigurations = (
				538FADF81BF4C9AF00D91DE6 /* Debug */,
				538FADF91BF4C9AF00D91DE6 /* Release */,
			);
			defaultConfigurationIsVisible = 0;
			defaultConfigurationName = Release;
		};
		538FADFA1BF4C9AF00D91DE6 /* Build configuration list for PBXNativeTarget "DarkMagician" */ = {
			isa = XCConfigurationList;
			buildConfigurations = (
				538FADFB1BF4C9AF00D91DE6 /* Debug */,
				538FADFC1BF4C9AF00D91DE6 /* Release */,
			);
			defaultConfigurationIsVisible = 0;
		};
/* End XCConfigurationList section */

/* Begin XCVersionGroup section */
		538FADEF1BF4C9AF00D91DE6 /* DarkMagician.xcdatamodeld */ = {
			isa = XCVersionGroup;
			children = (
				538FADF01BF4C9AF00D91DE6 /* DarkMagician.xcdatamodel */,
			);
			currentVersion = 538FADF01BF4C9AF00D91DE6 /* DarkMagician.xcdatamodel */;
			path = DarkMagician.xcdatamodeld;
			sourceTree = "<group>";
			versionGroupType = wrapper.xcdatamodel;
		};
/* End XCVersionGroup section */
	};
	rootObject = 538FADDD1BF4C9AF00D91DE6 /* Project object */;
}
